
Microsoft Visual Studio Solution File, Format Version 12.00
# Visual Studio Version 17
VisualStudioVersion = 17.7.34221.43
MinimumVisualStudioVersion = 10.0.40219.1
Project("{FAE04EC0-301F-11D3-BF4B-00C04F79EFBC}") = "RAA_Int_Module_03_Skills", "RAA_Int_Module_03_Skills\RAA_Int_Module_03_Skills.csproj", "{3DABBBFA-F253-4B65-A582-E635DC17050A}"
EndProject
Global
	GlobalSection(SolutionConfigurationPlatforms) = preSolution
		2021Debug|Any CPU = 2021Debug|Any CPU
		2021Release|Any CPU = 2021Release|Any CPU
		2022Debug|Any CPU = 2022Debug|Any CPU
		2022Release|Any CPU = 2022Release|Any CPU
		2023Debug|Any CPU = 2023Debug|Any CPU
		2023Release|Any CPU = 2023Release|Any CPU
		2024Debug|Any CPU = 2024Debug|Any CPU
		2024Release|Any CPU = 2024Release|Any CPU
	EndGlobalSection
	GlobalSection(ProjectConfigurationPlatforms) = postSolution
		{3DABBBFA-F253-4B65-A582-E635DC17050A}.2021Debug|Any CPU.ActiveCfg = 2021Debug|Any CPU
		{3DABBBFA-F253-4B65-A582-E635DC17050A}.2021Debug|Any CPU.Build.0 = 2021Debug|Any CPU
		{3DABBBFA-F253-4B65-A582-E635DC17050A}.2021Release|Any CPU.ActiveCfg = 2021Release|Any CPU
		{3DABBBFA-F253-4B65-A582-E635DC17050A}.2021Release|Any CPU.Build.0 = 2021Release|Any CPU
		{3DABBBFA-F253-4B65-A582-E635DC17050A}.2022Debug|Any CPU.ActiveCfg = 2022Debug|Any CPU
		{3DABBBFA-F253-4B65-A582-E635DC17050A}.2022Debug|Any CPU.Build.0 = 2022Debug|Any CPU
		{3DABBBFA-F253-4B65-A582-E635DC17050A}.2022Release|Any CPU.ActiveCfg = 2022Release|Any CPU
		{3DABBBFA-F253-4B65-A582-E635DC17050A}.2022Release|Any CPU.Build.0 = 2022Release|Any CPU
		{3DABBBFA-F253-4B65-A582-E635DC17050A}.2023Debug|Any CPU.ActiveCfg = 2023Debug|Any CPU
		{3DABBBFA-F253-4B65-A582-E635DC17050A}.2023Debug|Any CPU.Build.0 = 2023Debug|Any CPU
		{3DABBBFA-F253-4B65-A582-E635DC17050A}.2023Release|Any CPU.ActiveCfg = 2023Release|Any CPU
		{3DABBBFA-F253-4B65-A582-E635DC17050A}.2023Release|Any CPU.Build.0 = 2023Release|Any CPU
		{3DABBBFA-F253-4B65-A582-E635DC17050A}.2024Debug|Any CPU.ActiveCfg = 2024Debug|Any CPU
		{3DABBBFA-F253-4B65-A582-E635DC17050A}.2024Debug|Any CPU.Build.0 = 2024Debug|Any CPU
		{3DABBBFA-F253-4B65-A582-E635DC17050A}.2024Release|Any CPU.ActiveCfg = 2024Release|Any CPU
		{3DABBBFA-F253-4B65-A582-E635DC17050A}.2024Release|Any CPU.Build.0 = 2024Release|Any CPU
	EndGlobalSection
	GlobalSection(SolutionProperties) = preSolution
		HideSolutionNode = FALSE
	EndGlobalSection
	GlobalSection(ExtensibilityGlobals) = postSolution
		SolutionGuid = {FADA458C-7409-4B55-99E6-764B9CE40C00}
	EndGlobalSection
EndGlobal
